// !$*UTF8*$!
{
	archiveVersion = 1;
	classes = {
	};
	objectVersion = 46;
	objects = {

/* Begin PBXBuildFile section */
		5479991A1E33F9E9004565E1 /* AppDelegate.swift in Sources */ = {isa = PBXBuildFile; fileRef = 547999191E33F9E9004565E1 /* AppDelegate.swift */; };
		5479991C1E33F9E9004565E1 /* MasterViewController.swift in Sources */ = {isa = PBXBuildFile; fileRef = 5479991B1E33F9E9004565E1 /* MasterViewController.swift */; };
		5479991E1E33F9E9004565E1 /* DetailViewController.swift in Sources */ = {isa = PBXBuildFile; fileRef = 5479991D1E33F9E9004565E1 /* DetailViewController.swift */; };
		547999211E33F9E9004565E1 /* Main.storyboard in Resources */ = {isa = PBXBuildFile; fileRef = 5479991F1E33F9E9004565E1 /* Main.storyboard */; };
		547999231E33F9E9004565E1 /* Assets.xcassets in Resources */ = {isa = PBXBuildFile; fileRef = 547999221E33F9E9004565E1 /* Assets.xcassets */; };
		547999261E33F9E9004565E1 /* LaunchScreen.storyboard in Resources */ = {isa = PBXBuildFile; fileRef = 547999241E33F9E9004565E1 /* LaunchScreen.storyboard */; };
		547999311E33F9E9004565E1 /* DishwasherAppTests.swift in Sources */ = {isa = PBXBuildFile; fileRef = 547999301E33F9E9004565E1 /* DishwasherAppTests.swift */; };
/* End PBXBuildFile section */

/* Begin PBXContainerItemProxy section */
		5479992D1E33F9E9004565E1 /* PBXContainerItemProxy */ = {
			isa = PBXContainerItemProxy;
			containerPortal = 5479990E1E33F9E9004565E1 /* Project object */;
			proxyType = 1;
			remoteGlobalIDString = 547999151E33F9E9004565E1;
			remoteInfo = DishwasherApp;
		};
/* End PBXContainerItemProxy section */

/* Begin PBXFileReference section */
		547999161E33F9E9004565E1 /* DishwasherApp.app */ = {isa = PBXFileReference; explicitFileType = wrapper.application; includeInIndex = 0; path = DishwasherApp.app; sourceTree = BUILT_PRODUCTS_DIR; };
		547999191E33F9E9004565E1 /* AppDelegate.swift */ = {isa = PBXFileReference; lastKnownFileType = sourcecode.swift; path = AppDelegate.swift; sourceTree = "<group>"; };
		5479991B1E33F9E9004565E1 /* MasterViewController.swift */ = {isa = PBXFileReference; lastKnownFileType = sourcecode.swift; path = MasterViewController.swift; sourceTree = "<group>"; };
		5479991D1E33F9E9004565E1 /* DetailViewController.swift */ = {isa = PBXFileReference; lastKnownFileType = sourcecode.swift; path = DetailViewController.swift; sourceTree = "<group>"; };
		547999201E33F9E9004565E1 /* Base */ = {isa = PBXFileReference; lastKnownFileType = file.storyboard; name = Base; path = Base.lproj/Main.storyboard; sourceTree = "<group>"; };
		547999221E33F9E9004565E1 /* Assets.xcassets */ = {isa = PBXFileReference; lastKnownFileType = folder.assetcatalog; path = Assets.xcassets; sourceTree = "<group>"; };
		547999251E33F9E9004565E1 /* Base */ = {isa = PBXFileReference; lastKnownFileType = file.storyboard; name = Base; path = Base.lproj/LaunchScreen.storyboard; sourceTree = "<group>"; };
		547999271E33F9E9004565E1 /* Info.plist */ = {isa = PBXFileReference; lastKnownFileType = text.plist.xml; path = Info.plist; sourceTree = "<group>"; };
		5479992C1E33F9E9004565E1 /* DishwasherAppTests.xctest */ = {isa = PBXFileReference; explicitFileType = wrapper.cfbundle; includeInIndex = 0; path = DishwasherAppTests.xctest; sourceTree = BUILT_PRODUCTS_DIR; };
		547999301E33F9E9004565E1 /* DishwasherAppTests.swift */ = {isa = PBXFileReference; lastKnownFileType = sourcecode.swift; path = DishwasherAppTests.swift; sourceTree = "<group>"; };
		547999321E33F9E9004565E1 /* Info.plist */ = {isa = PBXFileReference; lastKnownFileType = text.plist.xml; path = Info.plist; sourceTree = "<group>"; };
/* End PBXFileReference section */

/* Begin PBXFrameworksBuildPhase section */
		547999131E33F9E9004565E1 /* Frameworks */ = {
			isa = PBXFrameworksBuildPhase;
			buildActionMask = 2147483647;
			files = (
			);
			runOnlyForDeploymentPostprocessing = 0;
		};
		547999291E33F9E9004565E1 /* Frameworks */ = {
			isa = PBXFrameworksBuildPhase;
			buildActionMask = 2147483647;
			files = (
			);
			runOnlyForDeploymentPostprocessing = 0;
		};
/* End PBXFrameworksBuildPhase section */

/* Begin PBXGroup section */
		5479990D1E33F9E9004565E1 = {
			isa = PBXGroup;
			children = (
				547999181E33F9E9004565E1 /* DishwasherApp */,
				5479992F1E33F9E9004565E1 /* DishwasherAppTests */,
				547999171E33F9E9004565E1 /* Products */,
			);
			sourceTree = "<group>";
		};
		547999171E33F9E9004565E1 /* Products */ = {
			isa = PBXGroup;
			children = (
				547999161E33F9E9004565E1 /* DishwasherApp.app */,
				5479992C1E33F9E9004565E1 /* DishwasherAppTests.xctest */,
			);
			name = Products;
			sourceTree = "<group>";
		};
		547999181E33F9E9004565E1 /* DishwasherApp */ = {
			isa = PBXGroup;
			children = (
				547999191E33F9E9004565E1 /* AppDelegate.swift */,
				5479991B1E33F9E9004565E1 /* MasterViewController.swift */,
				5479991D1E33F9E9004565E1 /* DetailViewController.swift */,
				5479991F1E33F9E9004565E1 /* Main.storyboard */,
				547999221E33F9E9004565E1 /* Assets.xcassets */,
				547999241E33F9E9004565E1 /* LaunchScreen.storyboard */,
				547999271E33F9E9004565E1 /* Info.plist */,
			);
			path = DishwasherApp;
			sourceTree = "<group>";
		};
		5479992F1E33F9E9004565E1 /* DishwasherAppTests */ = {
			isa = PBXGroup;
			children = (
				547999301E33F9E9004565E1 /* DishwasherAppTests.swift */,
				547999321E33F9E9004565E1 /* Info.plist */,
			);
			path = DishwasherAppTests;
			sourceTree = "<group>";
		};
/* End PBXGroup section */

/* Begin PBXNativeTarget section */
		547999151E33F9E9004565E1 /* DishwasherApp */ = {
			isa = PBXNativeTarget;
			buildConfigurationList = 547999351E33F9E9004565E1 /* Build configuration list for PBXNativeTarget "DishwasherApp" */;
			buildPhases = (
				547999121E33F9E9004565E1 /* Sources */,
				547999131E33F9E9004565E1 /* Frameworks */,
				547999141E33F9E9004565E1 /* Resources */,
			);
			buildRules = (
			);
			dependencies = (
			);
			name = DishwasherApp;
			productName = DishwasherApp;
			productReference = 547999161E33F9E9004565E1 /* DishwasherApp.app */;
			productType = "com.apple.product-type.application";
		};
		5479992B1E33F9E9004565E1 /* DishwasherAppTests */ = {
			isa = PBXNativeTarget;
			buildConfigurationList = 547999381E33F9E9004565E1 /* Build configuration list for PBXNativeTarget "DishwasherAppTests" */;
			buildPhases = (
				547999281E33F9E9004565E1 /* Sources */,
				547999291E33F9E9004565E1 /* Frameworks */,
				5479992A1E33F9E9004565E1 /* Resources */,
			);
			buildRules = (
			);
			dependencies = (
				5479992E1E33F9E9004565E1 /* PBXTargetDependency */,
			);
			name = DishwasherAppTests;
			productName = DishwasherAppTests;
			productReference = 5479992C1E33F9E9004565E1 /* DishwasherAppTests.xctest */;
			productType = "com.apple.product-type.bundle.unit-test";
		};
/* End PBXNativeTarget section */

/* Begin PBXProject section */
		5479990E1E33F9E9004565E1 /* Project object */ = {
			isa = PBXProject;
			attributes = {
				LastSwiftUpdateCheck = 0820;
				LastUpgradeCheck = 0820;
				ORGANIZATIONNAME = "Mobile Sandpit LTD";
				TargetAttributes = {
					547999151E33F9E9004565E1 = {
						CreatedOnToolsVersion = 8.2.1;
						DevelopmentTeam = SMPWKXPHUW;
						ProvisioningStyle = Automatic;
					};
					5479992B1E33F9E9004565E1 = {
						CreatedOnToolsVersion = 8.2.1;
						DevelopmentTeam = SMPWKXPHUW;
						ProvisioningStyle = Automatic;
						TestTargetID = 547999151E33F9E9004565E1;
					};
				};
			};
			buildConfigurationList = 547999111E33F9E9004565E1 /* Build configuration list for PBXProject "DishwasherApp" */;
			compatibilityVersion = "Xcode 3.2";
			developmentRegion = English;
			hasScannedForEncodings = 0;
			knownRegions = (
				en,
				Base,
			);
			mainGroup = 5479990D1E33F9E9004565E1;
			productRefGroup = 547999171E33F9E9004565E1 /* Products */;
			projectDirPath = "";
			projectRoot = "";
			targets = (
				547999151E33F9E9004565E1 /* DishwasherApp */,
				5479992B1E33F9E9004565E1 /* DishwasherAppTests */,
			);
		};
/* End PBXProject section */

/* Begin PBXResourcesBuildPhase section */
		547999141E33F9E9004565E1 /* Resources */ = {
			isa = PBXResourcesBuildPhase;
			buildActionMask = 2147483647;
			files = (
				547999261E33F9E9004565E1 /* LaunchScreen.storyboard in Resources */,
				547999231E33F9E9004565E1 /* Assets.xcassets in Resources */,
				547999211E33F9E9004565E1 /* Main.storyboard in Resources */,
			);
			runOnlyForDeploymentPostprocessing = 0;
		};
		5479992A1E33F9E9004565E1 /* Resources */ = {
			isa = PBXResourcesBuildPhase;
			buildActionMask = 2147483647;
			files = (
			);
			runOnlyForDeploymentPostprocessing = 0;
		};
/* End PBXResourcesBuildPhase section */

/* Begin PBXSourcesBuildPhase section */
		547999121E33F9E9004565E1 /* Sources */ = {
			isa = PBXSourcesBuildPhase;
			buildActionMask = 2147483647;
			files = (
				5479991E1E33F9E9004565E1 /* DetailViewController.swift in Sources */,
				5479991C1E33F9E9004565E1 /* MasterViewController.swift in Sources */,
				5479991A1E33F9E9004565E1 /* AppDelegate.swift in Sources */,
			);
			runOnlyForDeploymentPostprocessing = 0;
		};
		547999281E33F9E9004565E1 /* Sources */ = {
			isa = PBXSourcesBuildPhase;
			buildActionMask = 2147483647;
			files = (
				547999311E33F9E9004565E1 /* DishwasherAppTests.swift in Sources */,
			);
			runOnlyForDeploymentPostprocessing = 0;
		};
/* End PBXSourcesBuildPhase section */

/* Begin PBXTargetDependency section */
		5479992E1E33F9E9004565E1 /* PBXTargetDependency */ = {
			isa = PBXTargetDependency;
			target = 547999151E33F9E9004565E1 /* DishwasherApp */;
			targetProxy = 5479992D1E33F9E9004565E1 /* PBXContainerItemProxy */;
		};
/* End PBXTargetDependency section */

/* Begin PBXVariantGroup section */
		5479991F1E33F9E9004565E1 /* Main.storyboard */ = {
			isa = PBXVariantGroup;
			children = (
				547999201E33F9E9004565E1 /* Base */,
			);
			name = Main.storyboard;
			sourceTree = "<group>";
		};
		547999241E33F9E9004565E1 /* LaunchScreen.storyboard */ = {
			isa = PBXVariantGroup;
			children = (
				547999251E33F9E9004565E1 /* Base */,
			);
			name = LaunchScreen.storyboard;
			sourceTree = "<group>";
		};
/* End PBXVariantGroup section */

/* Begin XCBuildConfiguration section */
		547999331E33F9E9004565E1 /* Debug */ = {
			isa = XCBuildConfiguration;
			buildSettings = {
				ALWAYS_SEARCH_USER_PATHS = NO;
				CLANG_ANALYZER_NONNULL = YES;
				CLANG_CXX_LANGUAGE_STANDARD = "gnu++0x";
				CLANG_CXX_LIBRARY = "libc++";
				CLANG_ENABLE_MODULES = YES;
				CLANG_ENABLE_OBJC_ARC = YES;
				CLANG_WARN_BOOL_CONVERSION = YES;
				CLANG_WARN_CONSTANT_CONVERSION = YES;
				CLANG_WARN_DIRECT_OBJC_ISA_USAGE = YES_ERROR;
				CLANG_WARN_DOCUMENTATION_COMMENTS = YES;
				CLANG_WARN_EMPTY_BODY = YES;
				CLANG_WARN_ENUM_CONVERSION = YES;
				CLANG_WARN_INFINITE_RECURSION = YES;
				CLANG_WARN_INT_CONVERSION = YES;
				CLANG_WARN_OBJC_ROOT_CLASS = YES_ERROR;
				CLANG_WARN_SUSPICIOUS_MOVE = YES;
				CLANG_WARN_UNREACHABLE_CODE = YES;
				CLANG_WARN__DUPLICATE_METHOD_MATCH = YES;
				"CODE_SIGN_IDENTITY[sdk=iphoneos*]" = "iPhone Developer";
				COPY_PHASE_STRIP = NO;
				DEBUG_INFORMATION_FORMAT = dwarf;
				ENABLE_STRICT_OBJC_MSGSEND = YES;
				ENABLE_TESTABILITY = YES;
				GCC_C_LANGUAGE_STANDARD = gnu99;
				GCC_DYNAMIC_NO_PIC = NO;
				GCC_NO_COMMON_BLOCKS = YES;
				GCC_OPTIMIZATION_LEVEL = 0;
				GCC_PREPROCESSOR_DEFINITIONS = (
					"DEBUG=1",
					"$(inherited)",
				);
				GCC_WARN_64_TO_32_BIT_CONVERSION = YES;
				GCC_WARN_ABOUT_RETURN_TYPE = YES_ERROR;
				GCC_WARN_UNDECLARED_SELECTOR = YES;
				GCC_WARN_UNINITIALIZED_AUTOS = YES_AGGRESSIVE;
				GCC_WARN_UNUSED_FUNCTION = YES;
				GCC_WARN_UNUSED_VARIABLE = YES;
				IPHONEOS_DEPLOYMENT_TARGET = 10.2;
				MTL_ENABLE_DEBUG_INFO = YES;
				ONLY_ACTIVE_ARCH = YES;
				SDKROOT = iphoneos;
				SWIFT_ACTIVE_COMPILATION_CONDITIONS = DEBUG;
				SWIFT_OPTIMIZATION_LEVEL = "-Onone";
			};
			name = Debug;
		};
		547999341E33F9E9004565E1 /* Release */ = {
			isa = XCBuildConfiguration;
			buildSettings = {
				ALWAYS_SEARCH_USER_PATHS = NO;
				CLANG_ANALYZER_NONNULL = YES;
				CLANG_CXX_LANGUAGE_STANDARD = "gnu++0x";
				CLANG_CXX_LIBRARY = "libc++";
				CLANG_ENABLE_MODULES = YES;
				CLANG_ENABLE_OBJC_ARC = YES;
				CLANG_WARN_BOOL_CONVERSION = YES;
				CLANG_WARN_CONSTANT_CONVERSION = YES;
				CLANG_WARN_DIRECT_OBJC_ISA_USAGE = YES_ERROR;
				CLANG_WARN_DOCUMENTATION_COMMENTS = YES;
				CLANG_WARN_EMPTY_BODY = YES;
				CLANG_WARN_ENUM_CONVERSION = YES;
				CLANG_WARN_INFINITE_RECURSION = YES;
				CLANG_WARN_INT_CONVERSION = YES;
				CLANG_WARN_OBJC_ROOT_CLASS = YES_ERROR;
				CLANG_WARN_SUSPICIOUS_MOVE = YES;
				CLANG_WARN_UNREACHABLE_CODE = YES;
				CLANG_WARN__DUPLICATE_METHOD_MATCH = YES;
				"CODE_SIGN_IDENTITY[sdk=iphoneos*]" = "iPhone Developer";
				COPY_PHASE_STRIP = NO;
				DEBUG_INFORMATION_FORMAT = "dwarf-with-dsym";
				ENABLE_NS_ASSERTIONS = NO;
				ENABLE_STRICT_OBJC_MSGSEND = YES;
				GCC_C_LANGUAGE_STANDARD = gnu99;
				GCC_NO_COMMON_BLOCKS = YES;
				GCC_WARN_64_TO_32_BIT_CONVERSION = YES;
				GCC_WARN_ABOUT_RETURN_TYPE = YES_ERROR;
				GCC_WARN_UNDECLARED_SELECTOR = YES;
				GCC_WARN_UNINITIALIZED_AUTOS = YES_AGGRESSIVE;
				GCC_WARN_UNUSED_FUNCTION = YES;
				GCC_WARN_UNUSED_VARIABLE = YES;
				IPHONEOS_DEPLOYMENT_TARGET = 10.2;
				MTL_ENABLE_DEBUG_INFO = NO;
				SDKROOT = iphoneos;
				SWIFT_OPTIMIZATION_LEVEL = "-Owholemodule";
				VALIDATE_PRODUCT = YES;
			};
			name = Release;
		};
		547999361E33F9E9004565E1 /* Debug */ = {
			isa = XCBuildConfiguration;
			buildSettings = {
				ASSETCATALOG_COMPILER_APPICON_NAME = AppIcon;
				DEVELOPMENT_TEAM = SMPWKXPHUW;
				INFOPLIST_FILE = DishwasherApp/Info.plist;
				LD_RUNPATH_SEARCH_PATHS = "$(inherited) @executable_path/Frameworks";
				PRODUCT_BUNDLE_IDENTIFIER = com.mobilesandpit.DishwasherApp;
				PRODUCT_NAME = "$(TARGET_NAME)";
				SWIFT_VERSION = 3.0;
			};
			name = Debug;
		};
		547999371E33F9E9004565E1 /* Release */ = {
			isa = XCBuildConfiguration;
			buildSettings = {
				ASSETCATALOG_COMPILER_APPICON_NAME = AppIcon;
				DEVELOPMENT_TEAM = SMPWKXPHUW;
				INFOPLIST_FILE = DishwasherApp/Info.plist;
				LD_RUNPATH_SEARCH_PATHS = "$(inherited) @executable_path/Frameworks";
				PRODUCT_BUNDLE_IDENTIFIER = com.mobilesandpit.DishwasherApp;
				PRODUCT_NAME = "$(TARGET_NAME)";
				SWIFT_VERSION = 3.0;
			};
			name = Release;
		};
		547999391E33F9E9004565E1 /* Debug */ = {
			isa = XCBuildConfiguration;
			buildSettings = {
				ALWAYS_EMBED_SWIFT_STANDARD_LIBRARIES = YES;
				BUNDLE_LOADER = "$(TEST_HOST)";
				DEVELOPMENT_TEAM = SMPWKXPHUW;
				INFOPLIST_FILE = DishwasherAppTests/Info.plist;
				LD_RUNPATH_SEARCH_PATHS = "$(inherited) @executable_path/Frameworks @loader_path/Frameworks";
				PRODUCT_BUNDLE_IDENTIFIER = com.mobilesandpit.DishwasherAppTests;
				PRODUCT_NAME = "$(TARGET_NAME)";
				SWIFT_VERSION = 3.0;
				TEST_HOST = "$(BUILT_PRODUCTS_DIR)/DishwasherApp.app/DishwasherApp";
			};
			name = Debug;
		};
		5479993A1E33F9E9004565E1 /* Release */ = {
			isa = XCBuildConfiguration;
			buildSettings = {
				ALWAYS_EMBED_SWIFT_STANDARD_LIBRARIES = YES;
				BUNDLE_LOADER = "$(TEST_HOST)";
				DEVELOPMENT_TEAM = SMPWKXPHUW;
				INFOPLIST_FILE = DishwasherAppTests/Info.plist;
				LD_RUNPATH_SEARCH_PATHS = "$(inherited) @executable_path/Frameworks @loader_path/Frameworks";
				PRODUCT_BUNDLE_IDENTIFIER = com.mobilesandpit.DishwasherAppTests;
				PRODUCT_NAME = "$(TARGET_NAME)";
				SWIFT_VERSION = 3.0;
				TEST_HOST = "$(BUILT_PRODUCTS_DIR)/DishwasherApp.app/DishwasherApp";
			};
			name = Release;
		};
/* End XCBuildConfiguration section */

/* Begin XCConfigurationList section */
		547999111E33F9E9004565E1 /* Build configuration list for PBXProject "DishwasherApp" */ = {
			isa = XCConfigurationList;
			buildConfigurations = (
				547999331E33F9E9004565E1 /* Debug */,
				547999341E33F9E9004565E1 /* Release */,
			);
			defaultConfigurationIsVisible = 0;
			defaultConfigurationName = Release;
		};
		547999351E33F9E9004565E1 /* Build configuration list for PBXNativeTarget "DishwasherApp" */ = {
			isa = XCConfigurationList;
			buildConfigurations = (
				547999361E33F9E9004565E1 /* Debug */,
				547999371E33F9E9004565E1 /* Release */,
			);
			defaultConfigurationIsVisible = 0;
		};
		547999381E33F9E9004565E1 /* Build configuration list for PBXNativeTarget "DishwasherAppTests" */ = {
			isa = XCConfigurationList;
			buildConfigurations = (
				547999391E33F9E9004565E1 /* Debug */,
				5479993A1E33F9E9004565E1 /* Release */,
			);
			defaultConfigurationIsVisible = 0;
		};
/* End XCConfigurationList section */
	};
	rootObject = 5479990E1E33F9E9004565E1 /* Project object */;
}
